// !$*UTF8*$!
{
	archiveVersion = 1;
	classes = {
	};
	objectVersion = 56;
	objects = {

/* Begin PBXBuildFile section */
		93BEA9A52BB3F871004F5AFC /* Home.swift in Sources */ = {isa = PBXBuildFile; fileRef = 93BEA9A42BB3F871004F5AFC /* Home.swift */; };
		93BEA9A72BB3F8A5004F5AFC /* BottomNavigation.swift in Sources */ = {isa = PBXBuildFile; fileRef = 93BEA9A62BB3F8A5004F5AFC /* BottomNavigation.swift */; };
		93BEA9A92BB40C1E004F5AFC /* CategoryModel.swift in Sources */ = {isa = PBXBuildFile; fileRef = 93BEA9A82BB40C1E004F5AFC /* CategoryModel.swift */; };
		93BEA9AB2BB420F2004F5AFC /* ProductModel.swift in Sources */ = {isa = PBXBuildFile; fileRef = 93BEA9AA2BB420F2004F5AFC /* ProductModel.swift */; };
		93BEA9AD2BB438A4004F5AFC /* ProductCardView.swift in Sources */ = {isa = PBXBuildFile; fileRef = 93BEA9AC2BB438A4004F5AFC /* ProductCardView.swift */; };
		93BEA9AF2BB44049004F5AFC /* CollectionView.swift in Sources */ = {isa = PBXBuildFile; fileRef = 93BEA9AE2BB44049004F5AFC /* CollectionView.swift */; };
		93DAFF792BA5C57E008D3612 /* TRENDMEApp.swift in Sources */ = {isa = PBXBuildFile; fileRef = 93DAFF782BA5C57E008D3612 /* TRENDMEApp.swift */; };
		93DAFF7B2BA5C57E008D3612 /* ContentView.swift in Sources */ = {isa = PBXBuildFile; fileRef = 93DAFF7A2BA5C57E008D3612 /* ContentView.swift */; };
		93DAFF7D2BA5C57F008D3612 /* Assets.xcassets in Resources */ = {isa = PBXBuildFile; fileRef = 93DAFF7C2BA5C57F008D3612 /* Assets.xcassets */; };
		93DAFF802BA5C57F008D3612 /* Preview Assets.xcassets in Resources */ = {isa = PBXBuildFile; fileRef = 93DAFF7F2BA5C57F008D3612 /* Preview Assets.xcassets */; };
		93DAFF8B2BA5CBB2008D3612 /* LoginView.swift in Sources */ = {isa = PBXBuildFile; fileRef = 93DAFF8A2BA5CBB2008D3612 /* LoginView.swift */; };
		93DAFF8D2BA5CC38008D3612 /* LoginViewModel.swift in Sources */ = {isa = PBXBuildFile; fileRef = 93DAFF8C2BA5CC38008D3612 /* LoginViewModel.swift */; };
		93E4B8752BAF569100D58E8C /* Blob.swift in Sources */ = {isa = PBXBuildFile; fileRef = 93E4B8742BAF569100D58E8C /* Blob.swift */; };
		93E4B8772BAFDA1A00D58E8C /* CustomTextField.swift in Sources */ = {isa = PBXBuildFile; fileRef = 93E4B8762BAFDA1A00D58E8C /* CustomTextField.swift */; };
		93E4B8792BB0099F00D58E8C /* Intro.swift in Sources */ = {isa = PBXBuildFile; fileRef = 93E4B8782BB0099F00D58E8C /* Intro.swift */; };
		93E4B87B2BB00F3700D58E8C /* OnBoardingView.swift in Sources */ = {isa = PBXBuildFile; fileRef = 93E4B87A2BB00F3700D58E8C /* OnBoardingView.swift */; };
		93E4B87E2BB0AD5F00D58E8C /* Kingfisher in Frameworks */ = {isa = PBXBuildFile; productRef = 93E4B87D2BB0AD5F00D58E8C /* Kingfisher */; };
		93E4B8812BB0AD9A00D58E8C /* Neumorphic in Frameworks */ = {isa = PBXBuildFile; productRef = 93E4B8802BB0AD9A00D58E8C /* Neumorphic */; };
		93E4B8832BB1776E00D58E8C /* FacebookLogo.swift in Sources */ = {isa = PBXBuildFile; fileRef = 93E4B8822BB1776E00D58E8C /* FacebookLogo.swift */; };
		93ED5BF52BB3469700F169EE /* SignUpView.swift in Sources */ = {isa = PBXBuildFile; fileRef = 93ED5BF42BB3469700F169EE /* SignUpView.swift */; };
		93ED5BF72BB348A600F169EE /* BGAuth.swift in Sources */ = {isa = PBXBuildFile; fileRef = 93ED5BF62BB348A600F169EE /* BGAuth.swift */; };
/* End PBXBuildFile section */

/* Begin PBXFileReference section */
		93BEA9A42BB3F871004F5AFC /* Home.swift */ = {isa = PBXFileReference; lastKnownFileType = sourcecode.swift; path = Home.swift; sourceTree = "<group>"; };
		93BEA9A62BB3F8A5004F5AFC /* BottomNavigation.swift */ = {isa = PBXFileReference; lastKnownFileType = sourcecode.swift; path = BottomNavigation.swift; sourceTree = "<group>"; };
		93BEA9A82BB40C1E004F5AFC /* CategoryModel.swift */ = {isa = PBXFileReference; lastKnownFileType = sourcecode.swift; path = CategoryModel.swift; sourceTree = "<group>"; };
		93BEA9AA2BB420F2004F5AFC /* ProductModel.swift */ = {isa = PBXFileReference; lastKnownFileType = sourcecode.swift; path = ProductModel.swift; sourceTree = "<group>"; };
		93BEA9AC2BB438A4004F5AFC /* ProductCardView.swift */ = {isa = PBXFileReference; lastKnownFileType = sourcecode.swift; path = ProductCardView.swift; sourceTree = "<group>"; };
		93BEA9AE2BB44049004F5AFC /* CollectionView.swift */ = {isa = PBXFileReference; lastKnownFileType = sourcecode.swift; path = CollectionView.swift; sourceTree = "<group>"; };
		93DAFF752BA5C57E008D3612 /* TRENDME.app */ = {isa = PBXFileReference; explicitFileType = wrapper.application; includeInIndex = 0; path = TRENDME.app; sourceTree = BUILT_PRODUCTS_DIR; };
		93DAFF782BA5C57E008D3612 /* TRENDMEApp.swift */ = {isa = PBXFileReference; lastKnownFileType = sourcecode.swift; path = TRENDMEApp.swift; sourceTree = "<group>"; };
		93DAFF7A2BA5C57E008D3612 /* ContentView.swift */ = {isa = PBXFileReference; lastKnownFileType = sourcecode.swift; path = ContentView.swift; sourceTree = "<group>"; };
		93DAFF7C2BA5C57F008D3612 /* Assets.xcassets */ = {isa = PBXFileReference; lastKnownFileType = folder.assetcatalog; path = Assets.xcassets; sourceTree = "<group>"; };
		93DAFF7F2BA5C57F008D3612 /* Preview Assets.xcassets */ = {isa = PBXFileReference; lastKnownFileType = folder.assetcatalog; path = "Preview Assets.xcassets"; sourceTree = "<group>"; };
		93DAFF8A2BA5CBB2008D3612 /* LoginView.swift */ = {isa = PBXFileReference; lastKnownFileType = sourcecode.swift; path = LoginView.swift; sourceTree = "<group>"; };
		93DAFF8C2BA5CC38008D3612 /* LoginViewModel.swift */ = {isa = PBXFileReference; lastKnownFileType = sourcecode.swift; path = LoginViewModel.swift; sourceTree = "<group>"; };
		93E4B8742BAF569100D58E8C /* Blob.swift */ = {isa = PBXFileReference; lastKnownFileType = sourcecode.swift; path = Blob.swift; sourceTree = "<group>"; };
		93E4B8762BAFDA1A00D58E8C /* CustomTextField.swift */ = {isa = PBXFileReference; lastKnownFileType = sourcecode.swift; path = CustomTextField.swift; sourceTree = "<group>"; };
		93E4B8782BB0099F00D58E8C /* Intro.swift */ = {isa = PBXFileReference; lastKnownFileType = sourcecode.swift; path = Intro.swift; sourceTree = "<group>"; };
		93E4B87A2BB00F3700D58E8C /* OnBoardingView.swift */ = {isa = PBXFileReference; lastKnownFileType = sourcecode.swift; path = OnBoardingView.swift; sourceTree = "<group>"; };
		93E4B8822BB1776E00D58E8C /* FacebookLogo.swift */ = {isa = PBXFileReference; lastKnownFileType = sourcecode.swift; path = FacebookLogo.swift; sourceTree = "<group>"; };
		93ED5BF42BB3469700F169EE /* SignUpView.swift */ = {isa = PBXFileReference; lastKnownFileType = sourcecode.swift; path = SignUpView.swift; sourceTree = "<group>"; };
		93ED5BF62BB348A600F169EE /* BGAuth.swift */ = {isa = PBXFileReference; lastKnownFileType = sourcecode.swift; path = BGAuth.swift; sourceTree = "<group>"; };
/* End PBXFileReference section */

/* Begin PBXFrameworksBuildPhase section */
		93DAFF722BA5C57E008D3612 /* Frameworks */ = {
			isa = PBXFrameworksBuildPhase;
			buildActionMask = 2147483647;
			files = (
				93E4B8812BB0AD9A00D58E8C /* Neumorphic in Frameworks */,
				93E4B87E2BB0AD5F00D58E8C /* Kingfisher in Frameworks */,
			);
			runOnlyForDeploymentPostprocessing = 0;
		};
/* End PBXFrameworksBuildPhase section */

/* Begin PBXGroup section */
		93DAFF6C2BA5C57E008D3612 = {
			isa = PBXGroup;
			children = (
				93DAFF772BA5C57E008D3612 /* TRENDME */,
				93DAFF762BA5C57E008D3612 /* Products */,
			);
			sourceTree = "<group>";
		};
		93DAFF762BA5C57E008D3612 /* Products */ = {
			isa = PBXGroup;
			children = (
				93DAFF752BA5C57E008D3612 /* TRENDME.app */,
			);
			name = Products;
			sourceTree = "<group>";
		};
		93DAFF772BA5C57E008D3612 /* TRENDME */ = {
			isa = PBXGroup;
			children = (
				93E4B8712BAF55AD00D58E8C /* UIComponents */,
				93DAFF872BA5C7F9008D3612 /* Models */,
				93DAFF882BA5C80C008D3612 /* Views */,
				93DAFF892BA5C816008D3612 /* ViewModels */,
				93DAFF782BA5C57E008D3612 /* TRENDMEApp.swift */,
				93DAFF7A2BA5C57E008D3612 /* ContentView.swift */,
				93DAFF7C2BA5C57F008D3612 /* Assets.xcassets */,
				93DAFF7E2BA5C57F008D3612 /* Preview Content */,
			);
			path = TRENDME;
			sourceTree = "<group>";
		};
		93DAFF7E2BA5C57F008D3612 /* Preview Content */ = {
			isa = PBXGroup;
			children = (
				93DAFF7F2BA5C57F008D3612 /* Preview Assets.xcassets */,
			);
			path = "Preview Content";
			sourceTree = "<group>";
		};
		93DAFF872BA5C7F9008D3612 /* Models */ = {
			isa = PBXGroup;
			children = (
				93E4B8782BB0099F00D58E8C /* Intro.swift */,
				93BEA9A82BB40C1E004F5AFC /* CategoryModel.swift */,
				93BEA9AA2BB420F2004F5AFC /* ProductModel.swift */,
			);
			path = Models;
			sourceTree = "<group>";
		};
		93DAFF882BA5C80C008D3612 /* Views */ = {
			isa = PBXGroup;
			children = (
				93DAFF8A2BA5CBB2008D3612 /* LoginView.swift */,
				93E4B87A2BB00F3700D58E8C /* OnBoardingView.swift */,
				93ED5BF42BB3469700F169EE /* SignUpView.swift */,
				93BEA9A42BB3F871004F5AFC /* Home.swift */,
				93BEA9AE2BB44049004F5AFC /* CollectionView.swift */,
			);
			path = Views;
			sourceTree = "<group>";
		};
		93DAFF892BA5C816008D3612 /* ViewModels */ = {
			isa = PBXGroup;
			children = (
				93DAFF8C2BA5CC38008D3612 /* LoginViewModel.swift */,
			);
			path = ViewModels;
			sourceTree = "<group>";
		};
		93E4B8712BAF55AD00D58E8C /* UIComponents */ = {
			isa = PBXGroup;
			children = (
				93E4B8742BAF569100D58E8C /* Blob.swift */,
				93E4B8762BAFDA1A00D58E8C /* CustomTextField.swift */,
				93E4B8822BB1776E00D58E8C /* FacebookLogo.swift */,
				93ED5BF62BB348A600F169EE /* BGAuth.swift */,
				93BEA9A62BB3F8A5004F5AFC /* BottomNavigation.swift */,
				93BEA9AC2BB438A4004F5AFC /* ProductCardView.swift */,
			);
			path = UIComponents;
			sourceTree = "<group>";
		};
/* End PBXGroup section */

/* Begin PBXNativeTarget section */
		93DAFF742BA5C57E008D3612 /* TRENDME */ = {
			isa = PBXNativeTarget;
			buildConfigurationList = 93DAFF832BA5C57F008D3612 /* Build configuration list for PBXNativeTarget "TRENDME" */;
			buildPhases = (
				93DAFF712BA5C57E008D3612 /* Sources */,
				93DAFF722BA5C57E008D3612 /* Frameworks */,
				93DAFF732BA5C57E008D3612 /* Resources */,
			);
			buildRules = (
			);
			dependencies = (
			);
			name = TRENDME;
			packageProductDependencies = (
				93E4B87D2BB0AD5F00D58E8C /* Kingfisher */,
				93E4B8802BB0AD9A00D58E8C /* Neumorphic */,
			);
			productName = TRENDME;
			productReference = 93DAFF752BA5C57E008D3612 /* TRENDME.app */;
			productType = "com.apple.product-type.application";
		};
/* End PBXNativeTarget section */

/* Begin PBXProject section */
		93DAFF6D2BA5C57E008D3612 /* Project object */ = {
			isa = PBXProject;
			attributes = {
				BuildIndependentTargetsInParallel = 1;
				LastSwiftUpdateCheck = 1520;
				LastUpgradeCheck = 1520;
				TargetAttributes = {
					93DAFF742BA5C57E008D3612 = {
						CreatedOnToolsVersion = 15.2;
					};
				};
			};
			buildConfigurationList = 93DAFF702BA5C57E008D3612 /* Build configuration list for PBXProject "TRENDME" */;
			compatibilityVersion = "Xcode 14.0";
			developmentRegion = en;
			hasScannedForEncodings = 0;
			knownRegions = (
				en,
				Base,
			);
			mainGroup = 93DAFF6C2BA5C57E008D3612;
			packageReferences = (
				93E4B87C2BB0AD5F00D58E8C /* XCRemoteSwiftPackageReference "Kingfisher" */,
				93E4B87F2BB0AD9A00D58E8C /* XCRemoteSwiftPackageReference "neumorphic" */,
			);
			productRefGroup = 93DAFF762BA5C57E008D3612 /* Products */;
			projectDirPath = "";
			projectRoot = "";
			targets = (
				93DAFF742BA5C57E008D3612 /* TRENDME */,
			);
		};
/* End PBXProject section */

/* Begin PBXResourcesBuildPhase section */
		93DAFF732BA5C57E008D3612 /* Resources */ = {
			isa = PBXResourcesBuildPhase;
			buildActionMask = 2147483647;
			files = (
				93DAFF802BA5C57F008D3612 /* Preview Assets.xcassets in Resources */,
				93DAFF7D2BA5C57F008D3612 /* Assets.xcassets in Resources */,
			);
			runOnlyForDeploymentPostprocessing = 0;
		};
/* End PBXResourcesBuildPhase section */

/* Begin PBXSourcesBuildPhase section */
		93DAFF712BA5C57E008D3612 /* Sources */ = {
			isa = PBXSourcesBuildPhase;
			buildActionMask = 2147483647;
			files = (
				93ED5BF72BB348A600F169EE /* BGAuth.swift in Sources */,
				93E4B8832BB1776E00D58E8C /* FacebookLogo.swift in Sources */,
				93BEA9AF2BB44049004F5AFC /* CollectionView.swift in Sources */,
				93DAFF8D2BA5CC38008D3612 /* LoginViewModel.swift in Sources */,
				93DAFF8B2BA5CBB2008D3612 /* LoginView.swift in Sources */,
				93BEA9AB2BB420F2004F5AFC /* ProductModel.swift in Sources */,
				93E4B8772BAFDA1A00D58E8C /* CustomTextField.swift in Sources */,
				93BEA9AD2BB438A4004F5AFC /* ProductCardView.swift in Sources */,
				93E4B8752BAF569100D58E8C /* Blob.swift in Sources */,
				93E4B8792BB0099F00D58E8C /* Intro.swift in Sources */,
				93ED5BF52BB3469700F169EE /* SignUpView.swift in Sources */,
				93DAFF7B2BA5C57E008D3612 /* ContentView.swift in Sources */,
				93E4B87B2BB00F3700D58E8C /* OnBoardingView.swift in Sources */,
				93BEA9A52BB3F871004F5AFC /* Home.swift in Sources */,
				93BEA9A92BB40C1E004F5AFC /* CategoryModel.swift in Sources */,
				93BEA9A72BB3F8A5004F5AFC /* BottomNavigation.swift in Sources */,
				93DAFF792BA5C57E008D3612 /* TRENDMEApp.swift in Sources */,
			);
			runOnlyForDeploymentPostprocessing = 0;
		};
/* End PBXSourcesBuildPhase section */

/* Begin XCBuildConfiguration section */
		93DAFF812BA5C57F008D3612 /* Debug */ = {
			isa = XCBuildConfiguration;
			buildSettings = {
				ALWAYS_SEARCH_USER_PATHS = NO;
				ASSETCATALOG_COMPILER_GENERATE_SWIFT_ASSET_SYMBOL_EXTENSIONS = YES;
				CLANG_ANALYZER_NONNULL = YES;
				CLANG_ANALYZER_NUMBER_OBJECT_CONVERSION = YES_AGGRESSIVE;
				CLANG_CXX_LANGUAGE_STANDARD = "gnu++20";
				CLANG_ENABLE_MODULES = YES;
				CLANG_ENABLE_OBJC_ARC = YES;
				CLANG_ENABLE_OBJC_WEAK = YES;
				CLANG_WARN_BLOCK_CAPTURE_AUTORELEASING = YES;
				CLANG_WARN_BOOL_CONVERSION = YES;
				CLANG_WARN_COMMA = YES;
				CLANG_WARN_CONSTANT_CONVERSION = YES;
				CLANG_WARN_DEPRECATED_OBJC_IMPLEMENTATIONS = YES;
				CLANG_WARN_DIRECT_OBJC_ISA_USAGE = YES_ERROR;
				CLANG_WARN_DOCUMENTATION_COMMENTS = YES;
				CLANG_WARN_EMPTY_BODY = YES;
				CLANG_WARN_ENUM_CONVERSION = YES;
				CLANG_WARN_INFINITE_RECURSION = YES;
				CLANG_WARN_INT_CONVERSION = YES;
				CLANG_WARN_NON_LITERAL_NULL_CONVERSION = YES;
				CLANG_WARN_OBJC_IMPLICIT_RETAIN_SELF = YES;
				CLANG_WARN_OBJC_LITERAL_CONVERSION = YES;
				CLANG_WARN_OBJC_ROOT_CLASS = YES_ERROR;
				CLANG_WARN_QUOTED_INCLUDE_IN_FRAMEWORK_HEADER = YES;
				CLANG_WARN_RANGE_LOOP_ANALYSIS = YES;
				CLANG_WARN_STRICT_PROTOTYPES = YES;
				CLANG_WARN_SUSPICIOUS_MOVE = YES;
				CLANG_WARN_UNGUARDED_AVAILABILITY = YES_AGGRESSIVE;
				CLANG_WARN_UNREACHABLE_CODE = YES;
				CLANG_WARN__DUPLICATE_METHOD_MATCH = YES;
				COPY_PHASE_STRIP = NO;
				DEBUG_INFORMATION_FORMAT = dwarf;
				ENABLE_STRICT_OBJC_MSGSEND = YES;
				ENABLE_TESTABILITY = YES;
				ENABLE_USER_SCRIPT_SANDBOXING = YES;
				GCC_C_LANGUAGE_STANDARD = gnu17;
				GCC_DYNAMIC_NO_PIC = NO;
				GCC_NO_COMMON_BLOCKS = YES;
				GCC_OPTIMIZATION_LEVEL = 0;
				GCC_PREPROCESSOR_DEFINITIONS = (
					"DEBUG=1",
					"$(inherited)",
				);
				GCC_WARN_64_TO_32_BIT_CONVERSION = YES;
				GCC_WARN_ABOUT_RETURN_TYPE = YES_ERROR;
				GCC_WARN_UNDECLARED_SELECTOR = YES;
				GCC_WARN_UNINITIALIZED_AUTOS = YES_AGGRESSIVE;
				GCC_WARN_UNUSED_FUNCTION = YES;
				GCC_WARN_UNUSED_VARIABLE = YES;
				IPHONEOS_DEPLOYMENT_TARGET = 17.2;
				LOCALIZATION_PREFERS_STRING_CATALOGS = YES;
				MTL_ENABLE_DEBUG_INFO = INCLUDE_SOURCE;
				MTL_FAST_MATH = YES;
				ONLY_ACTIVE_ARCH = YES;
				SDKROOT = iphoneos;
				SWIFT_ACTIVE_COMPILATION_CONDITIONS = "DEBUG $(inherited)";
				SWIFT_OPTIMIZATION_LEVEL = "-Onone";
			};
			name = Debug;
		};
		93DAFF822BA5C57F008D3612 /* Release */ = {
			isa = XCBuildConfiguration;
			buildSettings = {
				ALWAYS_SEARCH_USER_PATHS = NO;
				ASSETCATALOG_COMPILER_GENERATE_SWIFT_ASSET_SYMBOL_EXTENSIONS = YES;
				CLANG_ANALYZER_NONNULL = YES;
				CLANG_ANALYZER_NUMBER_OBJECT_CONVERSION = YES_AGGRESSIVE;
				CLANG_CXX_LANGUAGE_STANDARD = "gnu++20";
				CLANG_ENABLE_MODULES = YES;
				CLANG_ENABLE_OBJC_ARC = YES;
				CLANG_ENABLE_OBJC_WEAK = YES;
				CLANG_WARN_BLOCK_CAPTURE_AUTORELEASING = YES;
				CLANG_WARN_BOOL_CONVERSION = YES;
				CLANG_WARN_COMMA = YES;
				CLANG_WARN_CONSTANT_CONVERSION = YES;
				CLANG_WARN_DEPRECATED_OBJC_IMPLEMENTATIONS = YES;
				CLANG_WARN_DIRECT_OBJC_ISA_USAGE = YES_ERROR;
				CLANG_WARN_DOCUMENTATION_COMMENTS = YES;
				CLANG_WARN_EMPTY_BODY = YES;
				CLANG_WARN_ENUM_CONVERSION = YES;
				CLANG_WARN_INFINITE_RECURSION = YES;
				CLANG_WARN_INT_CONVERSION = YES;
				CLANG_WARN_NON_LITERAL_NULL_CONVERSION = YES;
				CLANG_WARN_OBJC_IMPLICIT_RETAIN_SELF = YES;
				CLANG_WARN_OBJC_LITERAL_CONVERSION = YES;
				CLANG_WARN_OBJC_ROOT_CLASS = YES_ERROR;
				CLANG_WARN_QUOTED_INCLUDE_IN_FRAMEWORK_HEADER = YES;
				CLANG_WARN_RANGE_LOOP_ANALYSIS = YES;
				CLANG_WARN_STRICT_PROTOTYPES = YES;
				CLANG_WARN_SUSPICIOUS_MOVE = YES;
				CLANG_WARN_UNGUARDED_AVAILABILITY = YES_AGGRESSIVE;
				CLANG_WARN_UNREACHABLE_CODE = YES;
				CLANG_WARN__DUPLICATE_METHOD_MATCH = YES;
				COPY_PHASE_STRIP = NO;
				DEBUG_INFORMATION_FORMAT = "dwarf-with-dsym";
				ENABLE_NS_ASSERTIONS = NO;
				ENABLE_STRICT_OBJC_MSGSEND = YES;
				ENABLE_USER_SCRIPT_SANDBOXING = YES;
				GCC_C_LANGUAGE_STANDARD = gnu17;
				GCC_NO_COMMON_BLOCKS = YES;
				GCC_WARN_64_TO_32_BIT_CONVERSION = YES;
				GCC_WARN_ABOUT_RETURN_TYPE = YES_ERROR;
				GCC_WARN_UNDECLARED_SELECTOR = YES;
				GCC_WARN_UNINITIALIZED_AUTOS = YES_AGGRESSIVE;
				GCC_WARN_UNUSED_FUNCTION = YES;
				GCC_WARN_UNUSED_VARIABLE = YES;
				IPHONEOS_DEPLOYMENT_TARGET = 17.2;
				LOCALIZATION_PREFERS_STRING_CATALOGS = YES;
				MTL_ENABLE_DEBUG_INFO = NO;
				MTL_FAST_MATH = YES;
				SDKROOT = iphoneos;
				SWIFT_COMPILATION_MODE = wholemodule;
				VALIDATE_PRODUCT = YES;
			};
			name = Release;
		};
		93DAFF842BA5C57F008D3612 /* Debug */ = {
			isa = XCBuildConfiguration;
			buildSettings = {
				ASSETCATALOG_COMPILER_APPICON_NAME = AppIcon;
				ASSETCATALOG_COMPILER_GLOBAL_ACCENT_COLOR_NAME = AccentColor;
				CODE_SIGN_STYLE = Automatic;
				CURRENT_PROJECT_VERSION = 1;
				DEVELOPMENT_ASSET_PATHS = "\"TRENDME/Preview Content\"";
				ENABLE_PREVIEWS = YES;
				GENERATE_INFOPLIST_FILE = YES;
				INFOPLIST_KEY_UIApplicationSceneManifest_Generation = YES;
				INFOPLIST_KEY_UIApplicationSupportsIndirectInputEvents = YES;
				INFOPLIST_KEY_UILaunchScreen_Generation = YES;
				INFOPLIST_KEY_UISupportedInterfaceOrientations_iPad = "UIInterfaceOrientationPortrait UIInterfaceOrientationPortraitUpsideDown UIInterfaceOrientationLandscapeLeft UIInterfaceOrientationLandscapeRight";
				INFOPLIST_KEY_UISupportedInterfaceOrientations_iPhone = "UIInterfaceOrientationPortrait UIInterfaceOrientationLandscapeLeft UIInterfaceOrientationLandscapeRight";
				LD_RUNPATH_SEARCH_PATHS = (
					"$(inherited)",
					"@executable_path/Frameworks",
				);
				MARKETING_VERSION = 1.0;
				PRODUCT_BUNDLE_IDENTIFIER = lk.kraken.TRENDME;
				PRODUCT_NAME = "$(TARGET_NAME)";
				SWIFT_EMIT_LOC_STRINGS = YES;
				SWIFT_VERSION = 5.0;
				TARGETED_DEVICE_FAMILY = "1,2";
			};
			name = Debug;
		};
		93DAFF852BA5C57F008D3612 /* Release */ = {
			isa = XCBuildConfiguration;
			buildSettings = {
				ASSETCATALOG_COMPILER_APPICON_NAME = AppIcon;
				ASSETCATALOG_COMPILER_GLOBAL_ACCENT_COLOR_NAME = AccentColor;
				CODE_SIGN_STYLE = Automatic;
				CURRENT_PROJECT_VERSION = 1;
				DEVELOPMENT_ASSET_PATHS = "\"TRENDME/Preview Content\"";
				ENABLE_PREVIEWS = YES;
				GENERATE_INFOPLIST_FILE = YES;
				INFOPLIST_KEY_UIApplicationSceneManifest_Generation = YES;
				INFOPLIST_KEY_UIApplicationSupportsIndirectInputEvents = YES;
				INFOPLIST_KEY_UILaunchScreen_Generation = YES;
				INFOPLIST_KEY_UISupportedInterfaceOrientations_iPad = "UIInterfaceOrientationPortrait UIInterfaceOrientationPortraitUpsideDown UIInterfaceOrientationLandscapeLeft UIInterfaceOrientationLandscapeRight";
				INFOPLIST_KEY_UISupportedInterfaceOrientations_iPhone = "UIInterfaceOrientationPortrait UIInterfaceOrientationLandscapeLeft UIInterfaceOrientationLandscapeRight";
				LD_RUNPATH_SEARCH_PATHS = (
					"$(inherited)",
					"@executable_path/Frameworks",
				);
				MARKETING_VERSION = 1.0;
				PRODUCT_BUNDLE_IDENTIFIER = lk.kraken.TRENDME;
				PRODUCT_NAME = "$(TARGET_NAME)";
				SWIFT_EMIT_LOC_STRINGS = YES;
				SWIFT_VERSION = 5.0;
				TARGETED_DEVICE_FAMILY = "1,2";
			};
			name = Release;
		};
/* End XCBuildConfiguration section */

/* Begin XCConfigurationList section */
		93DAFF702BA5C57E008D3612 /* Build configuration list for PBXProject "TRENDME" */ = {
			isa = XCConfigurationList;
			buildConfigurations = (
				93DAFF812BA5C57F008D3612 /* Debug */,
				93DAFF822BA5C57F008D3612 /* Release */,
			);
			defaultConfigurationIsVisible = 0;
			defaultConfigurationName = Release;
		};
		93DAFF832BA5C57F008D3612 /* Build configuration list for PBXNativeTarget "TRENDME" */ = {
			isa = XCConfigurationList;
			buildConfigurations = (
				93DAFF842BA5C57F008D3612 /* Debug */,
				93DAFF852BA5C57F008D3612 /* Release */,
			);
			defaultConfigurationIsVisible = 0;
			defaultConfigurationName = Release;
		};
/* End XCConfigurationList section */

/* Begin XCRemoteSwiftPackageReference section */
		93E4B87C2BB0AD5F00D58E8C /* XCRemoteSwiftPackageReference "Kingfisher" */ = {
			isa = XCRemoteSwiftPackageReference;
			repositoryURL = "https://github.com/onevcat/Kingfisher.git";
			requirement = {
				kind = upToNextMajorVersion;
				minimumVersion = 7.11.0;
			};
		};
		93E4B87F2BB0AD9A00D58E8C /* XCRemoteSwiftPackageReference "neumorphic" */ = {
			isa = XCRemoteSwiftPackageReference;
			repositoryURL = "https://github.com/costachung/neumorphic/";
			requirement = {
				branch = master;
				kind = branch;
			};
		};
/* End XCRemoteSwiftPackageReference section */

/* Begin XCSwiftPackageProductDependency section */
		93E4B87D2BB0AD5F00D58E8C /* Kingfisher */ = {
			isa = XCSwiftPackageProductDependency;
			package = 93E4B87C2BB0AD5F00D58E8C /* XCRemoteSwiftPackageReference "Kingfisher" */;
			productName = Kingfisher;
		};
		93E4B8802BB0AD9A00D58E8C /* Neumorphic */ = {
			isa = XCSwiftPackageProductDependency;
			package = 93E4B87F2BB0AD9A00D58E8C /* XCRemoteSwiftPackageReference "neumorphic" */;
			productName = Neumorphic;
		};
/* End XCSwiftPackageProductDependency section */
	};
	rootObject = 93DAFF6D2BA5C57E008D3612 /* Project object */;
}
